
Microsoft Visual Studio Solution File, Format Version 12.00
# Visual Studio Version 16
VisualStudioVersion = 16.0.30002.166
MinimumVisualStudioVersion = 10.0.40219.1
Project("{FAE04EC0-301F-11D3-BF4B-00C04F79EFBC}") = "capaPresentacion", "FormularioWebApi\capaPresentacion.csproj", "{C2648C3A-264E-4432-8FBB-D22A4EBF22C3}"
EndProject
Project("{2150E333-8FDC-42A3-9474-1A3956D46DE8}") = "capaDatos", "capaDatos", "{C74258A5-B9B3-4FF8-B0A1-E042FD363460}"
EndProject
Project("{FAE04EC0-301F-11D3-BF4B-00C04F79EFBC}") = "capaDatos", "capaDatos\capaDatos.csproj", "{9C1F52A5-0E4C-466A-9472-218860E6871D}"
EndProject
Project("{2150E333-8FDC-42A3-9474-1A3956D46DE8}") = "capaDominio", "capaDominio", "{A5A2FCCD-7EEA-4D85-8DF2-A5466F51157B}"
EndProject
Project("{FAE04EC0-301F-11D3-BF4B-00C04F79EFBC}") = "capaDominio", "capaDominio\capaDominio.csproj", "{B1B07F67-22D4-41BE-A0EB-DD51339402A2}"
EndProject
Project("{2150E333-8FDC-42A3-9474-1A3956D46DE8}") = "capaNegocio", "capaNegocio", "{128D786B-0260-4FD3-9176-D2BB73F6B236}"
EndProject
Project("{FAE04EC0-301F-11D3-BF4B-00C04F79EFBC}") = "capaNegocio", "capaNegocio\capaNegocio.csproj", "{2F7DF8D3-7BE1-4128-BED2-137FBEDFF200}"
EndProject
Project("{2150E333-8FDC-42A3-9474-1A3956D46DE8}") = "webApi", "webApi", "{87557A2E-27C1-4BEB-804A-270C3AC66B7D}"
EndProject
Project("{FAE04EC0-301F-11D3-BF4B-00C04F79EFBC}") = "apiWeb", "apiWeb\apiWeb.csproj", "{12442033-DDF2-4974-A2A2-2EF1C3FECD5C}"
EndProject
Project("{2150E333-8FDC-42A3-9474-1A3956D46DE8}") = "capaPresentacion", "capaPresentacion", "{2006F75B-F0ED-45B4-8B29-117DBC1364A8}"
EndProject
Global
	GlobalSection(SolutionConfigurationPlatforms) = preSolution
		Debug|Any CPU = Debug|Any CPU
		Release|Any CPU = Release|Any CPU
	EndGlobalSection
	GlobalSection(ProjectConfigurationPlatforms) = postSolution
		{C2648C3A-264E-4432-8FBB-D22A4EBF22C3}.Debug|Any CPU.ActiveCfg = Debug|Any CPU
		{C2648C3A-264E-4432-8FBB-D22A4EBF22C3}.Debug|Any CPU.Build.0 = Debug|Any CPU
		{C2648C3A-264E-4432-8FBB-D22A4EBF22C3}.Release|Any CPU.ActiveCfg = Release|Any CPU
		{C2648C3A-264E-4432-8FBB-D22A4EBF22C3}.Release|Any CPU.Build.0 = Release|Any CPU
		{9C1F52A5-0E4C-466A-9472-218860E6871D}.Debug|Any CPU.ActiveCfg = Debug|Any CPU
		{9C1F52A5-0E4C-466A-9472-218860E6871D}.Debug|Any CPU.Build.0 = Debug|Any CPU
		{9C1F52A5-0E4C-466A-9472-218860E6871D}.Release|Any CPU.ActiveCfg = Release|Any CPU
		{9C1F52A5-0E4C-466A-9472-218860E6871D}.Release|Any CPU.Build.0 = Release|Any CPU
		{B1B07F67-22D4-41BE-A0EB-DD51339402A2}.Debug|Any CPU.ActiveCfg = Debug|Any CPU
		{B1B07F67-22D4-41BE-A0EB-DD51339402A2}.Debug|Any CPU.Build.0 = Debug|Any CPU
		{B1B07F67-22D4-41BE-A0EB-DD51339402A2}.Release|Any CPU.ActiveCfg = Release|Any CPU
		{B1B07F67-22D4-41BE-A0EB-DD51339402A2}.Release|Any CPU.Build.0 = Release|Any CPU
		{2F7DF8D3-7BE1-4128-BED2-137FBEDFF200}.Debug|Any CPU.ActiveCfg = Debug|Any CPU
		{2F7DF8D3-7BE1-4128-BED2-137FBEDFF200}.Debug|Any CPU.Build.0 = Debug|Any CPU
		{2F7DF8D3-7BE1-4128-BED2-137FBEDFF200}.Release|Any CPU.ActiveCfg = Release|Any CPU
		{2F7DF8D3-7BE1-4128-BED2-137FBEDFF200}.Release|Any CPU.Build.0 = Release|Any CPU
		{12442033-DDF2-4974-A2A2-2EF1C3FECD5C}.Debug|Any CPU.ActiveCfg = Debug|Any CPU
		{12442033-DDF2-4974-A2A2-2EF1C3FECD5C}.Debug|Any CPU.Build.0 = Debug|Any CPU
		{12442033-DDF2-4974-A2A2-2EF1C3FECD5C}.Release|Any CPU.ActiveCfg = Release|Any CPU
		{12442033-DDF2-4974-A2A2-2EF1C3FECD5C}.Release|Any CPU.Build.0 = Release|Any CPU
	EndGlobalSection
	GlobalSection(SolutionProperties) = preSolution
		HideSolutionNode = FALSE
	EndGlobalSection
	GlobalSection(NestedProjects) = preSolution
		{C2648C3A-264E-4432-8FBB-D22A4EBF22C3} = {2006F75B-F0ED-45B4-8B29-117DBC1364A8}
		{9C1F52A5-0E4C-466A-9472-218860E6871D} = {C74258A5-B9B3-4FF8-B0A1-E042FD363460}
		{B1B07F67-22D4-41BE-A0EB-DD51339402A2} = {A5A2FCCD-7EEA-4D85-8DF2-A5466F51157B}
		{2F7DF8D3-7BE1-4128-BED2-137FBEDFF200} = {128D786B-0260-4FD3-9176-D2BB73F6B236}
		{12442033-DDF2-4974-A2A2-2EF1C3FECD5C} = {87557A2E-27C1-4BEB-804A-270C3AC66B7D}
	EndGlobalSection
	GlobalSection(ExtensibilityGlobals) = postSolution
		SolutionGuid = {CAE2CBC1-A088-4437-A8ED-6B213811EC54}
	EndGlobalSection
EndGlobal
